
Microsoft Visual Studio Solution File, Format Version 12.00
# Visual Studio 15
VisualStudioVersion = 15.0.26430.6
MinimumVisualStudioVersion = 10.0.40219.1
Project("{FAE04EC0-301F-11D3-BF4B-00C04F79EFBC}") = "Palmtree", "Palmtree\Palmtree.csproj", "{A8DE84C4-0D09-49EF-9216-05F43B95DA83}"
EndProject
Project("{FAE04EC0-301F-11D3-BF4B-00C04F79EFBC}") = "Palmtree.Collection", "Palmtree.Collection\Palmtree.Collection.csproj", "{E1095391-977B-40AC-848F-B70D3B92E3ED}"
EndProject
Global
	GlobalSection(SolutionConfigurationPlatforms) = preSolution
		Debug|Any CPU = Debug|Any CPU
		Release|Any CPU = Release|Any CPU
	EndGlobalSection
	GlobalSection(ProjectConfigurationPlatforms) = postSolution
		{A8DE84C4-0D09-49EF-9216-05F43B95DA83}.Debug|Any CPU.ActiveCfg = Debug|Any CPU
		{A8DE84C4-0D09-49EF-9216-05F43B95DA83}.Debug|Any CPU.Build.0 = Debug|Any CPU
		{A8DE84C4-0D09-49EF-9216-05F43B95DA83}.Release|Any CPU.ActiveCfg = Release|Any CPU
		{A8DE84C4-0D09-49EF-9216-05F43B95DA83}.Release|Any CPU.Build.0 = Release|Any CPU
		{E1095391-977B-40AC-848F-B70D3B92E3ED}.Debug|Any CPU.ActiveCfg = Debug|Any CPU
		{E1095391-977B-40AC-848F-B70D3B92E3ED}.Debug|Any CPU.Build.0 = Debug|Any CPU
		{E1095391-977B-40AC-848F-B70D3B92E3ED}.Release|Any CPU.ActiveCfg = Release|Any CPU
		{E1095391-977B-40AC-848F-B70D3B92E3ED}.Release|Any CPU.Build.0 = Release|Any CPU
	EndGlobalSection
	GlobalSection(SolutionProperties) = preSolution
		HideSolutionNode = FALSE
	EndGlobalSection
EndGlobal
